
Microsoft Visual Studio Solution File, Format Version 10.00
# Visual Studio 2008
Project("{8BC9CEB8-8B4A-11D0-8D11-00A0C91BC942}") = "server", "server.vcproj", "{43E0911E-9089-4B5E-A8C4-C55F77D7DC5A}"
	ProjectSection(ProjectDependencies) = postProject
		{44E0911E-9089-4B5E-A8C4-C55F77D7DC5A} = {44E0911E-9089-4B5E-A8C4-C55F77D7DC5A}
		{FDE0911E-9089-4B5E-A8C4-C55F77D7DC5A} = {FDE0911E-9089-4B5E-A8C4-C55F77D7DC5A}
	EndProjectSection
EndProject
Project("{8BC9CEB8-8B4A-11D0-8D11-00A0C91BC942}") = "ed", "..\ed\source\ed.vcproj", "{FDE0911E-9089-4B5E-A8C4-C55F77D7DC5A}"
EndProject
Project("{8BC9CEB8-8B4A-11D0-8D11-00A0C91BC942}") = "chat", "..\chat\chat.vcproj", "{44E0911E-9089-4B5E-A8C4-C55F77D7DC5A}"
EndProject
Global
	GlobalSection(SolutionConfigurationPlatforms) = preSolution
		Debug|Win32 = Debug|Win32
		Release|Win32 = Release|Win32
	EndGlobalSection
	GlobalSection(ProjectConfigurationPlatforms) = postSolution
		{43E0911E-9089-4B5E-A8C4-C55F77D7DC5A}.Debug|Win32.ActiveCfg = Debug|Win32
		{43E0911E-9089-4B5E-A8C4-C55F77D7DC5A}.Debug|Win32.Build.0 = Debug|Win32
		{43E0911E-9089-4B5E-A8C4-C55F77D7DC5A}.Release|Win32.ActiveCfg = Release|Win32
		{43E0911E-9089-4B5E-A8C4-C55F77D7DC5A}.Release|Win32.Build.0 = Release|Win32
		{FDE0911E-9089-4B5E-A8C4-C55F77D7DC5A}.Debug|Win32.ActiveCfg = Debug|Win32
		{FDE0911E-9089-4B5E-A8C4-C55F77D7DC5A}.Debug|Win32.Build.0 = Debug|Win32
		{FDE0911E-9089-4B5E-A8C4-C55F77D7DC5A}.Release|Win32.ActiveCfg = Release|Win32
		{FDE0911E-9089-4B5E-A8C4-C55F77D7DC5A}.Release|Win32.Build.0 = Release|Win32
		{44E0911E-9089-4B5E-A8C4-C55F77D7DC5A}.Debug|Win32.ActiveCfg = Debug|Win32
		{44E0911E-9089-4B5E-A8C4-C55F77D7DC5A}.Debug|Win32.Build.0 = Debug|Win32
		{44E0911E-9089-4B5E-A8C4-C55F77D7DC5A}.Release|Win32.ActiveCfg = Release|Win32
		{44E0911E-9089-4B5E-A8C4-C55F77D7DC5A}.Release|Win32.Build.0 = Release|Win32
	EndGlobalSection
	GlobalSection(SolutionProperties) = preSolution
		HideSolutionNode = FALSE
	EndGlobalSection
EndGlobal
